<?xml version="1.0" encoding="UTF-8" standalone="yes" ?>
<CodeBlocks_project_file>
	<FileVersion major="1" minor="6" />
	<Project>
		<Option title="vmodsynth" />
		<Option pch_mode="2" />
		<Option compiler="gcc" />
		<Build>
			<Target title="Build">
				<Option output="bin/vmodsynth" prefix_auto="1" extension_auto="1" />
				<Option object_output="obj/" />
				<Option type="1" />
				<Option compiler="gcc" />
				<Option projectCompilerOptionsRelation="0" />
				<Compiler>
					<Add option="-fexpensive-optimizations" />
					<Add option="-O3" />
					<Add option="-std=c++11" />
					<Add option="-Wextra" />
					<Add option="-Wall" />
					<Add option="`pkg-config --cflags --libs gtkmm-3.0 cairomm-1.0`" />
				</Compiler>
				<Linker>
					<Add option="-s" />
					<Add option="-lgtkmm-3.0 -latkmm-1.6 -lgdkmm-3.0 -lgiomm-2.4 -lpangomm-1.4 -lgtk-3 -lglibmm-2.4 -lcairomm-1.0 -lgdk-3 -latk-1.0 -lgio-2.0 -lpangocairo-1.0 -lgdk_pixbuf-2.0 -lcairo-gobject -lpango-1.0 -lcairo -lsigc-2.0 -lgobject-2.0 -lglib-2.0" />
				</Linker>
			</Target>
		</Build>
		<Compiler>
			<Add option="-std=c++11" />
			<Add option="-Wall" />
			<Add option="`pkg-config --cflags --libs gtkmm-3.0`" />
		</Compiler>
		<Linker>
			<Add option="-lasound" />
		</Linker>
		<Unit filename="AlsaDriver.cpp" />
		<Unit filename="AlsaDriver.h" />
		<Unit filename="Cabinet.cpp" />
		<Unit filename="Cabinet.h" />
		<Unit filename="ControllerWindow.cpp" />
		<Unit filename="ControllerWindow.h" />
		<Unit filename="Engine.cpp" />
		<Unit filename="Engine.h" />
		<Unit filename="Inlet.cpp" />
		<Unit filename="Inlet.h" />
		<Unit filename="Knob.cpp" />
		<Unit filename="Knob.h" />
		<Unit filename="MainWindow.cpp" />
		<Unit filename="MainWindow.h" />
		<Unit filename="Module.cpp" />
		<Unit filename="Module.h" />
		<Unit filename="ModuleList.cpp" />
		<Unit filename="ModuleList.h" />
		<Unit filename="Outlet.cpp" />
		<Unit filename="Outlet.h" />
		<Unit filename="Selector.cpp" />
		<Unit filename="Selector.h" />
		<Unit filename="Switch.cpp" />
		<Unit filename="Switch.h" />
		<Unit filename="Wire.cpp" />
		<Unit filename="Wire.h" />
		<Unit filename="main.cpp" />
		<Unit filename="modules/algorithms.cpp" />
		<Unit filename="modules/algorithms.h" />
		<Unit filename="modules/v100.cpp" />
		<Unit filename="modules/v100.h" />
		<Unit filename="modules/v1001.cpp" />
		<Unit filename="modules/v1001.h" />
		<Unit filename="modules/v1005.cpp" />
		<Unit filename="modules/v1005.h" />
		<Unit filename="modules/v101.cpp" />
		<Unit filename="modules/v101.h" />
		<Unit filename="modules/v200.cpp" />
		<Unit filename="modules/v200.h" />
		<Unit filename="modules/v201.cpp" />
		<Unit filename="modules/v201.h" />
		<Unit filename="modules/v203.cpp" />
		<Unit filename="modules/v203.h" />
		<Unit filename="modules/v210.cpp" />
		<Unit filename="modules/v210.h" />
		<Unit filename="modules/v230.cpp" />
		<Unit filename="modules/v230.h" />
		<Unit filename="modules/v300.cpp" />
		<Unit filename="modules/v300.h" />
		<Unit filename="modules/v400.cpp" />
		<Unit filename="modules/v400.h" />
		<Unit filename="modules/v701.cpp" />
		<Unit filename="modules/v701.h" />
		<Unit filename="modules/v702.cpp" />
		<Unit filename="modules/v702.h" />
		<Unit filename="modules/v703.cpp" />
		<Unit filename="modules/v703.h" />
		<Extensions>
			<code_completion />
			<debugger />
		</Extensions>
	</Project>
</CodeBlocks_project_file>
